// !$*UTF8*$!
{
	archiveVersion = 1;
	classes = {
	};
	objectVersion = 46;
	objects = {

/* Begin PBXBuildFile section */
		78156F2C38FF98059753DA3D /* Pods_MailX.framework in Frameworks */ = {isa = PBXBuildFile; fileRef = 666015A3551CB8A57FA51D6C /* Pods_MailX.framework */; };
		DF241EF91D03D80900C61196 /* MxNetworkLevel.swift in Sources */ = {isa = PBXBuildFile; fileRef = DF241EF81D03D80900C61196 /* MxNetworkLevel.swift */; };
		DF241EFB1D0502B600C61196 /* MxErrors.swift in Sources */ = {isa = PBXBuildFile; fileRef = DF241EFA1D0502B600C61196 /* MxErrors.swift */; };
		DF241EFE1D05C02600C61196 /* BrightFutures.framework.dSYM in Resources */ = {isa = PBXBuildFile; fileRef = DF241EFC1D05C02600C61196 /* BrightFutures.framework.dSYM */; };
		DF241EFF1D05C02600C61196 /* BrightFutures.framework in Frameworks */ = {isa = PBXBuildFile; fileRef = DF241EFD1D05C02600C61196 /* BrightFutures.framework */; };
		DF2AA0A51D07A24100B215D3 /* MxStackManager.swift in Sources */ = {isa = PBXBuildFile; fileRef = DFBBCEF31D034AB900D8BB4E /* MxStackManager.swift */; };
		DF2E22301CFC8B4500F303F5 /* Box.framework in Frameworks */ = {isa = PBXBuildFile; fileRef = DF2E221E1CFC8A7700F303F5 /* Box.framework */; };
		DF2E22311CFC8B4500F303F5 /* Box.framework in Embed Frameworks */ = {isa = PBXBuildFile; fileRef = DF2E221E1CFC8A7700F303F5 /* Box.framework */; settings = {ATTRIBUTES = (CodeSignOnCopy, RemoveHeadersOnCopy, ); }; };
		DF2E22321CFC8B4500F303F5 /* ReactiveCocoa.framework in Frameworks */ = {isa = PBXBuildFile; fileRef = DF2E221F1CFC8A7700F303F5 /* ReactiveCocoa.framework */; };
		DF2E22331CFC8B4500F303F5 /* ReactiveCocoa.framework in Embed Frameworks */ = {isa = PBXBuildFile; fileRef = DF2E221F1CFC8A7700F303F5 /* ReactiveCocoa.framework */; settings = {ATTRIBUTES = (CodeSignOnCopy, RemoveHeadersOnCopy, ); }; };
		DF2E22381CFC8B4500F303F5 /* RxBlocking.framework in Frameworks */ = {isa = PBXBuildFile; fileRef = DF2E22221CFC8A7700F303F5 /* RxBlocking.framework */; };
		DF2E22391CFC8B4500F303F5 /* RxBlocking.framework in Embed Frameworks */ = {isa = PBXBuildFile; fileRef = DF2E22221CFC8A7700F303F5 /* RxBlocking.framework */; settings = {ATTRIBUTES = (CodeSignOnCopy, RemoveHeadersOnCopy, ); }; };
		DF2E223A1CFC8B4500F303F5 /* RxCocoa.framework in Frameworks */ = {isa = PBXBuildFile; fileRef = DF2E22231CFC8A7700F303F5 /* RxCocoa.framework */; };
		DF2E223B1CFC8B4500F303F5 /* RxCocoa.framework in Embed Frameworks */ = {isa = PBXBuildFile; fileRef = DF2E22231CFC8A7700F303F5 /* RxCocoa.framework */; settings = {ATTRIBUTES = (CodeSignOnCopy, RemoveHeadersOnCopy, ); }; };
		DF2E223C1CFC8B4500F303F5 /* RxSwift.framework in Frameworks */ = {isa = PBXBuildFile; fileRef = DF2E22241CFC8A7700F303F5 /* RxSwift.framework */; };
		DF2E223D1CFC8B4500F303F5 /* RxSwift.framework in Embed Frameworks */ = {isa = PBXBuildFile; fileRef = DF2E22241CFC8A7700F303F5 /* RxSwift.framework */; settings = {ATTRIBUTES = (CodeSignOnCopy, RemoveHeadersOnCopy, ); }; };
		DF2E224A1CFC8BAC00F303F5 /* ReactiveCocoa.framework.dSYM in CopyFiles */ = {isa = PBXBuildFile; fileRef = DF2E22411CFC8BAC00F303F5 /* ReactiveCocoa.framework.dSYM */; };
		DF2E224D1CFC8BAC00F303F5 /* Result.framework.dSYM in CopyFiles */ = {isa = PBXBuildFile; fileRef = DF2E22441CFC8BAC00F303F5 /* Result.framework.dSYM */; };
		DF2E224E1CFC8BAC00F303F5 /* RxBlocking.framework.dSYM in CopyFiles */ = {isa = PBXBuildFile; fileRef = DF2E22451CFC8BAC00F303F5 /* RxBlocking.framework.dSYM */; };
		DF2E224F1CFC8BAC00F303F5 /* RxCocoa.framework.dSYM in CopyFiles */ = {isa = PBXBuildFile; fileRef = DF2E22461CFC8BAC00F303F5 /* RxCocoa.framework.dSYM */; };
		DF2E22501CFC8BAC00F303F5 /* RxSwift.framework.dSYM in CopyFiles */ = {isa = PBXBuildFile; fileRef = DF2E22471CFC8BAC00F303F5 /* RxSwift.framework.dSYM */; };
		DF2E22511CFC8BAC00F303F5 /* RxTests.framework.dSYM in CopyFiles */ = {isa = PBXBuildFile; fileRef = DF2E22481CFC8BAC00F303F5 /* RxTests.framework.dSYM */; };
		DF2FFBA41CFCB29A001DF44F /* MailXStoryboard.storyboard in Resources */ = {isa = PBXBuildFile; fileRef = DF4F05E51CF9D8B500123CA3 /* MailXStoryboard.storyboard */; };
		DF44793C1CEB680700E3A685 /* MxProviderModel.swift in Sources */ = {isa = PBXBuildFile; fileRef = DF44793B1CEB680700E3A685 /* MxProviderModel.swift */; };
		DF4479401CEB689000E3A685 /* MxLabelModel.swift in Sources */ = {isa = PBXBuildFile; fileRef = DF44793F1CEB689000E3A685 /* MxLabelModel.swift */; };
		DF5B57DF1D09E066007729FA /* Realm.framework.dSYM in Resources */ = {isa = PBXBuildFile; fileRef = DF5B57DB1D09E066007729FA /* Realm.framework.dSYM */; };
		DF5B57E01D09E066007729FA /* RealmSwift.framework.dSYM in Resources */ = {isa = PBXBuildFile; fileRef = DF5B57DC1D09E066007729FA /* RealmSwift.framework.dSYM */; };
		DF5B57E11D09E066007729FA /* Realm.framework in Frameworks */ = {isa = PBXBuildFile; fileRef = DF5B57DD1D09E066007729FA /* Realm.framework */; };
		DF5B57E21D09E066007729FA /* RealmSwift.framework in Frameworks */ = {isa = PBXBuildFile; fileRef = DF5B57DE1D09E066007729FA /* RealmSwift.framework */; };
		DF5B57E31D09E070007729FA /* Realm.framework in Frameworks */ = {isa = PBXBuildFile; fileRef = DF5B57DD1D09E066007729FA /* Realm.framework */; };
		DF5B57E41D09E070007729FA /* Realm.framework in Embed Frameworks */ = {isa = PBXBuildFile; fileRef = DF5B57DD1D09E066007729FA /* Realm.framework */; settings = {ATTRIBUTES = (CodeSignOnCopy, RemoveHeadersOnCopy, ); }; };
		DF5B57E51D09E073007729FA /* RealmSwift.framework in Frameworks */ = {isa = PBXBuildFile; fileRef = DF5B57DE1D09E066007729FA /* RealmSwift.framework */; };
		DF5B57E61D09E073007729FA /* RealmSwift.framework in Embed Frameworks */ = {isa = PBXBuildFile; fileRef = DF5B57DE1D09E066007729FA /* RealmSwift.framework */; settings = {ATTRIBUTES = (CodeSignOnCopy, RemoveHeadersOnCopy, ); }; };
		DF98B55E1CF9222500DAC34F /* Pipes.framework in Frameworks */ = {isa = PBXBuildFile; fileRef = DF98B55B1CF9222500DAC34F /* Pipes.framework */; };
		DF98B55F1CF9222500DAC34F /* Result.framework in Frameworks */ = {isa = PBXBuildFile; fileRef = DF98B55C1CF9222500DAC34F /* Result.framework */; };
		DF98B5621CF9222E00DAC34F /* Pipes.framework in Embed Frameworks */ = {isa = PBXBuildFile; fileRef = DF98B55B1CF9222500DAC34F /* Pipes.framework */; settings = {ATTRIBUTES = (CodeSignOnCopy, RemoveHeadersOnCopy, ); }; };
		DF98B5631CF9223300DAC34F /* Result.framework in Frameworks */ = {isa = PBXBuildFile; fileRef = DF98B55C1CF9222500DAC34F /* Result.framework */; };
		DF98B5641CF9223300DAC34F /* Result.framework in Embed Frameworks */ = {isa = PBXBuildFile; fileRef = DF98B55C1CF9222500DAC34F /* Result.framework */; settings = {ATTRIBUTES = (CodeSignOnCopy, RemoveHeadersOnCopy, ); }; };
		DFA313031CF0C02600500607 /* MxErrorActions.swift in Sources */ = {isa = PBXBuildFile; fileRef = DFA313021CF0C02600500607 /* MxErrorActions.swift */; };
		DFA313051CF0C0D200500607 /* MxErrorsState.swift in Sources */ = {isa = PBXBuildFile; fileRef = DFA313041CF0C0D200500607 /* MxErrorsState.swift */; };
		DFA313081CF1290A00500607 /* MxBusinessObjects.swift in Sources */ = {isa = PBXBuildFile; fileRef = DFA313071CF1290900500607 /* MxBusinessObjects.swift */; };
		DFB84E3C1CEAA72E0088090D /* AppDelegate.swift in Sources */ = {isa = PBXBuildFile; fileRef = DFB84E3B1CEAA72E0088090D /* AppDelegate.swift */; };
		DFB84E401CEAA72E0088090D /* Assets.xcassets in Resources */ = {isa = PBXBuildFile; fileRef = DFB84E3F1CEAA72E0088090D /* Assets.xcassets */; };
		DFB84E4E1CEAA72E0088090D /* MailXTests.swift in Sources */ = {isa = PBXBuildFile; fileRef = DFB84E4D1CEAA72E0088090D /* MailXTests.swift */; };
		DFB84E591CEAA72E0088090D /* MailXUITests.swift in Sources */ = {isa = PBXBuildFile; fileRef = DFB84E581CEAA72E0088090D /* MailXUITests.swift */; };
		DFB84E7D1CEAA8580088090D /* MxLogs.swift in Sources */ = {isa = PBXBuildFile; fileRef = DFB84E711CEAA8580088090D /* MxLogs.swift */; };
		DFB84E7E1CEAA8580088090D /* MxResults.swift in Sources */ = {isa = PBXBuildFile; fileRef = DFB84E721CEAA8580088090D /* MxResults.swift */; };
		DFB84E7F1CEAA8580088090D /* MxUserPreferences.swift in Sources */ = {isa = PBXBuildFile; fileRef = DFB84E731CEAA8580088090D /* MxUserPreferences.swift */; };
		DFB84EA61CEAAB8A0088090D /* Properties.plist in Resources */ = {isa = PBXBuildFile; fileRef = DFB84EA51CEAAB8A0088090D /* Properties.plist */; };
		DFB84EAD1CEAABFF0088090D /* MxDBObjects.swift in Sources */ = {isa = PBXBuildFile; fileRef = DFB84EA91CEAABFF0088090D /* MxDBObjects.swift */; };
		DFB84EAF1CEAABFF0088090D /* MxModelObjects.swift in Sources */ = {isa = PBXBuildFile; fileRef = DFB84EAB1CEAABFF0088090D /* MxModelObjects.swift */; };
		DFB84EBB1CEAB03F0088090D /* MxDBLevel.swift in Sources */ = {isa = PBXBuildFile; fileRef = DFB84EB71CEAB03F0088090D /* MxDBLevel.swift */; };
		DFB84EBC1CEAB03F0088090D /* MxSyncManager.swift in Sources */ = {isa = PBXBuildFile; fileRef = DFB84EB81CEAB03F0088090D /* MxSyncManager.swift */; };
		DFB84EC51CEAB0DD0088090D /* MxConnectionOperation.swift in Sources */ = {isa = PBXBuildFile; fileRef = DFB84EBE1CEAB0DD0088090D /* MxConnectionOperation.swift */; };
		DFB84EC61CEAB0DD0088090D /* MxFetchLabelsOperation.swift in Sources */ = {isa = PBXBuildFile; fileRef = DFB84EBF1CEAB0DD0088090D /* MxFetchLabelsOperation.swift */; };
		DFB84EC71CEAB0DD0088090D /* MxFetchMessagesInLabelOperation.swift in Sources */ = {isa = PBXBuildFile; fileRef = DFB84EC01CEAB0DD0088090D /* MxFetchMessagesInLabelOperation.swift */; };
		DFB84EC81CEAB0DD0088090D /* MxGMailBridge.swift in Sources */ = {isa = PBXBuildFile; fileRef = DFB84EC11CEAB0DD0088090D /* MxGMailBridge.swift */; };
		DFB84EC91CEAB0DD0088090D /* MxMailboxBridge.swift in Sources */ = {isa = PBXBuildFile; fileRef = DFB84EC21CEAB0DD0088090D /* MxMailboxBridge.swift */; };
		DFB84ECA1CEAB0DD0088090D /* MxSyncOperation.swift in Sources */ = {isa = PBXBuildFile; fileRef = DFB84EC31CEAB0DD0088090D /* MxSyncOperation.swift */; };
		DFB84ECB1CEAB0DD0088090D /* MxMailboxProxy.swift in Sources */ = {isa = PBXBuildFile; fileRef = DFB84EC41CEAB0DD0088090D /* MxMailboxProxy.swift */; };
		DFB84ECF1CEAB2310088090D /* Cocoa.framework in Frameworks */ = {isa = PBXBuildFile; fileRef = DFB84ECE1CEAB2310088090D /* Cocoa.framework */; };
		DFB84ED11CEAB23C0088090D /* Security.framework in Frameworks */ = {isa = PBXBuildFile; fileRef = DFB84ED01CEAB23C0088090D /* Security.framework */; };
		DFB84ED31CEAB24D0088090D /* SystemConfiguration.framework in Frameworks */ = {isa = PBXBuildFile; fileRef = DFB84ED21CEAB24D0088090D /* SystemConfiguration.framework */; };
		DFB84EF11CEAB62B0088090D /* GTL.framework in Frameworks */ = {isa = PBXBuildFile; fileRef = DFB84EEC1CEAB62B0088090D /* GTL.framework */; };
		DFB84EF91CEAB6520088090D /* GTL.framework in Embed Frameworks */ = {isa = PBXBuildFile; fileRef = DFB84EEC1CEAB62B0088090D /* GTL.framework */; settings = {ATTRIBUTES = (CodeSignOnCopy, RemoveHeadersOnCopy, ); }; };
		DFB84F241CEB515F0088090D /* GTMOAuth2Window.xib in Resources */ = {isa = PBXBuildFile; fileRef = DFB84F211CEB515F0088090D /* GTMOAuth2Window.xib */; };
		DFB84F261CEB515F0088090D /* MxLabelsViewController.swift in Sources */ = {isa = PBXBuildFile; fileRef = DFB84F231CEB515F0088090D /* MxLabelsViewController.swift */; };
		DFB84F2A1CEB51980088090D /* MxUIState.swift in Sources */ = {isa = PBXBuildFile; fileRef = DFB84F271CEB51980088090D /* MxUIState.swift */; };
		DFB84F2B1CEB51980088090D /* MxMailboxesState.swift in Sources */ = {isa = PBXBuildFile; fileRef = DFB84F281CEB51980088090D /* MxMailboxesState.swift */; };
		DFB84F2C1CEB51980088090D /* MxProvidersState.swift in Sources */ = {isa = PBXBuildFile; fileRef = DFB84F291CEB51980088090D /* MxProvidersState.swift */; };
		DFBBCEED1D01EEAE00D8BB4E /* MxMailboxModel.swift in Sources */ = {isa = PBXBuildFile; fileRef = DFBBCEEC1D01EEAE00D8BB4E /* MxMailboxModel.swift */; };
		DFBBCEF01D02D79B00D8BB4E /* MxUIStateObjects.swift in Sources */ = {isa = PBXBuildFile; fileRef = DFBBCEEF1D02D79B00D8BB4E /* MxUIStateObjects.swift */; };
		DFBBCEF61D034DE300D8BB4E /* MxMemoryLevel.swift in Sources */ = {isa = PBXBuildFile; fileRef = DFBBCEF51D034DE300D8BB4E /* MxMemoryLevel.swift */; };
		DFBBCEF81D03951800D8BB4E /* MxStackProtocols.swift in Sources */ = {isa = PBXBuildFile; fileRef = DFBBCEF71D03951800D8BB4E /* MxStackProtocols.swift */; };
		DFBBCEFA1D03999500D8BB4E /* MxMemoryCache.swift in Sources */ = {isa = PBXBuildFile; fileRef = DFBBCEF91D03999500D8BB4E /* MxMemoryCache.swift */; };
		DFD3ACF11CFD0BC3007C909F /* MxDBInitializer.swift in Sources */ = {isa = PBXBuildFile; fileRef = DFD3ACF01CFD0BC3007C909F /* MxDBInitializer.swift */; };
		DFD44AB61D010796001DF6F5 /* CleanroomASL.framework.dSYM in Resources */ = {isa = PBXBuildFile; fileRef = DFD44AB21D010796001DF6F5 /* CleanroomASL.framework.dSYM */; };
		DFD44AB71D010796001DF6F5 /* CleanroomLogger.framework.dSYM in Resources */ = {isa = PBXBuildFile; fileRef = DFD44AB31D010796001DF6F5 /* CleanroomLogger.framework.dSYM */; };
		DFD44ABA1D010820001DF6F5 /* CleanroomASL.framework in Frameworks */ = {isa = PBXBuildFile; fileRef = DFD44AB41D010796001DF6F5 /* CleanroomASL.framework */; };
		DFD44ABB1D010820001DF6F5 /* CleanroomASL.framework in Embed Frameworks */ = {isa = PBXBuildFile; fileRef = DFD44AB41D010796001DF6F5 /* CleanroomASL.framework */; settings = {ATTRIBUTES = (CodeSignOnCopy, RemoveHeadersOnCopy, ); }; };
		DFD44ABC1D010820001DF6F5 /* CleanroomLogger.framework in Frameworks */ = {isa = PBXBuildFile; fileRef = DFD44AB51D010796001DF6F5 /* CleanroomLogger.framework */; };
		DFD44ABD1D010820001DF6F5 /* CleanroomLogger.framework in Embed Frameworks */ = {isa = PBXBuildFile; fileRef = DFD44AB51D010796001DF6F5 /* CleanroomLogger.framework */; settings = {ATTRIBUTES = (CodeSignOnCopy, RemoveHeadersOnCopy, ); }; };
		DFD44ABE1D010853001DF6F5 /* CleanroomASL.framework.dSYM in CopyFiles */ = {isa = PBXBuildFile; fileRef = DFD44AB21D010796001DF6F5 /* CleanroomASL.framework.dSYM */; };
		DFD44ABF1D010856001DF6F5 /* CleanroomLogger.framework.dSYM in CopyFiles */ = {isa = PBXBuildFile; fileRef = DFD44AB31D010796001DF6F5 /* CleanroomLogger.framework.dSYM */; };
		DFE26F021CEBF7BA00FB401A /* ReSwift.framework in Frameworks */ = {isa = PBXBuildFile; fileRef = DFE26F011CEBF7BA00FB401A /* ReSwift.framework */; };
		DFE26F041CEBF7EC00FB401A /* ReSwift.framework in Embed Frameworks */ = {isa = PBXBuildFile; fileRef = DFE26F011CEBF7BA00FB401A /* ReSwift.framework */; settings = {ATTRIBUTES = (CodeSignOnCopy, RemoveHeadersOnCopy, ); }; };
		DFE26F081CEC097000FB401A /* MxMessageState.swift in Sources */ = {isa = PBXBuildFile; fileRef = DFE26F071CEC097000FB401A /* MxMessageState.swift */; };
		DFE26F0A1CEC09A900FB401A /* MxLabelsState.swift in Sources */ = {isa = PBXBuildFile; fileRef = DFE26F091CEC09A900FB401A /* MxLabelsState.swift */; };
		DFE26F0C1CEC09B600FB401A /* MxMessageModel.swift in Sources */ = {isa = PBXBuildFile; fileRef = DFE26F0B1CEC09B600FB401A /* MxMessageModel.swift */; };
		DFE26F1B1CEF46C000FB401A /* MxAppProperties.swift in Sources */ = {isa = PBXBuildFile; fileRef = DFE26F1A1CEF46C000FB401A /* MxAppProperties.swift */; };
		DFE26F271CEF56F100FB401A /* MxLabelActions.swift in Sources */ = {isa = PBXBuildFile; fileRef = DFE26F241CEF56F100FB401A /* MxLabelActions.swift */; };
		DFE26F281CEF56F100FB401A /* MxPropertiesActions.swift in Sources */ = {isa = PBXBuildFile; fileRef = DFE26F251CEF56F100FB401A /* MxPropertiesActions.swift */; };
		DFE26F291CEF56F100FB401A /* MxAppStateActions.swift in Sources */ = {isa = PBXBuildFile; fileRef = DFE26F261CEF56F100FB401A /* MxAppStateActions.swift */; };
		DFE26F2C1CEF570100FB401A /* MxAppReducer.swift in Sources */ = {isa = PBXBuildFile; fileRef = DFE26F2A1CEF570100FB401A /* MxAppReducer.swift */; };
		DFE26F2D1CEF570100FB401A /* MxLabelReducer.swift in Sources */ = {isa = PBXBuildFile; fileRef = DFE26F2B1CEF570100FB401A /* MxLabelReducer.swift */; };
		DFE26F2F1CEF7B2700FB401A /* MxStoreManager.swift in Sources */ = {isa = PBXBuildFile; fileRef = DFE26F2E1CEF7B2700FB401A /* MxStoreManager.swift */; };
		DFE26F311CEF7CB400FB401A /* MxStateArchiver.swift in Sources */ = {isa = PBXBuildFile; fileRef = DFE26F301CEF7CB400FB401A /* MxStateArchiver.swift */; };
		DFE26F331CEF91B800FB401A /* MxPropertiesState.swift in Sources */ = {isa = PBXBuildFile; fileRef = DFE26F321CEF91B800FB401A /* MxPropertiesState.swift */; };
		DFE26F351CEF9B6B00FB401A /* MxAction.swift in Sources */ = {isa = PBXBuildFile; fileRef = DFE26F341CEF9B6B00FB401A /* MxAction.swift */; };
		DFE26F371CEFA3EE00FB401A /* MxMailboxActions.swift in Sources */ = {isa = PBXBuildFile; fileRef = DFE26F361CEFA3EE00FB401A /* MxMailboxActions.swift */; };
/* End PBXBuildFile section */

/* Begin PBXContainerItemProxy section */
		DFB84E4A1CEAA72E0088090D /* PBXContainerItemProxy */ = {
			isa = PBXContainerItemProxy;
			containerPortal = DFB84E301CEAA72D0088090D /* Project object */;
			proxyType = 1;
			remoteGlobalIDString = DFB84E371CEAA72D0088090D;
			remoteInfo = MailX;
		};
		DFB84E551CEAA72E0088090D /* PBXContainerItemProxy */ = {
			isa = PBXContainerItemProxy;
			containerPortal = DFB84E301CEAA72D0088090D /* Project object */;
			proxyType = 1;
			remoteGlobalIDString = DFB84E371CEAA72D0088090D;
			remoteInfo = MailX;
		};
/* End PBXContainerItemProxy section */

/* Begin PBXCopyFilesBuildPhase section */
		DF2E22401CFC8B6600F303F5 /* CopyFiles */ = {
			isa = PBXCopyFilesBuildPhase;
			buildActionMask = 2147483647;
			dstPath = "";
			dstSubfolderSpec = 16;
			files = (
				DFD44ABF1D010856001DF6F5 /* CleanroomLogger.framework.dSYM in CopyFiles */,
				DFD44ABE1D010853001DF6F5 /* CleanroomASL.framework.dSYM in CopyFiles */,
				DF2E224A1CFC8BAC00F303F5 /* ReactiveCocoa.framework.dSYM in CopyFiles */,
				DF2E224D1CFC8BAC00F303F5 /* Result.framework.dSYM in CopyFiles */,
				DF2E224E1CFC8BAC00F303F5 /* RxBlocking.framework.dSYM in CopyFiles */,
				DF2E224F1CFC8BAC00F303F5 /* RxCocoa.framework.dSYM in CopyFiles */,
				DF2E22501CFC8BAC00F303F5 /* RxSwift.framework.dSYM in CopyFiles */,
				DF2E22511CFC8BAC00F303F5 /* RxTests.framework.dSYM in CopyFiles */,
			);
			runOnlyForDeploymentPostprocessing = 0;
		};
		DFB84ED81CEAB2720088090D /* Embed Frameworks */ = {
			isa = PBXCopyFilesBuildPhase;
			buildActionMask = 2147483647;
			dstPath = "";
			dstSubfolderSpec = 10;
			files = (
				DF5B57E61D09E073007729FA /* RealmSwift.framework in Embed Frameworks */,
				DF5B57E41D09E070007729FA /* Realm.framework in Embed Frameworks */,
				DF2E223B1CFC8B4500F303F5 /* RxCocoa.framework in Embed Frameworks */,
				DFE26F041CEBF7EC00FB401A /* ReSwift.framework in Embed Frameworks */,
				DF2E22331CFC8B4500F303F5 /* ReactiveCocoa.framework in Embed Frameworks */,
				DF2E223D1CFC8B4500F303F5 /* RxSwift.framework in Embed Frameworks */,
				DFD44ABD1D010820001DF6F5 /* CleanroomLogger.framework in Embed Frameworks */,
				DFD44ABB1D010820001DF6F5 /* CleanroomASL.framework in Embed Frameworks */,
				DF98B5621CF9222E00DAC34F /* Pipes.framework in Embed Frameworks */,
				DF2E22391CFC8B4500F303F5 /* RxBlocking.framework in Embed Frameworks */,
				DF2E22311CFC8B4500F303F5 /* Box.framework in Embed Frameworks */,
				DF98B5641CF9223300DAC34F /* Result.framework in Embed Frameworks */,
				DFB84EF91CEAB6520088090D /* GTL.framework in Embed Frameworks */,
			);
			name = "Embed Frameworks";
			runOnlyForDeploymentPostprocessing = 0;
		};
/* End PBXCopyFilesBuildPhase section */

/* Begin PBXFileReference section */
		1F1446166CC5B3B0E5151E37 /* Pods-MailX.release.xcconfig */ = {isa = PBXFileReference; includeInIndex = 1; lastKnownFileType = text.xcconfig; name = "Pods-MailX.release.xcconfig"; path = "../Pods/Target Support Files/Pods-MailX/Pods-MailX.release.xcconfig"; sourceTree = "<group>"; };
		666015A3551CB8A57FA51D6C /* Pods_MailX.framework */ = {isa = PBXFileReference; explicitFileType = wrapper.framework; includeInIndex = 0; path = Pods_MailX.framework; sourceTree = BUILT_PRODUCTS_DIR; };
		DF241EF81D03D80900C61196 /* MxNetworkLevel.swift */ = {isa = PBXFileReference; fileEncoding = 4; lastKnownFileType = sourcecode.swift; path = MxNetworkLevel.swift; sourceTree = "<group>"; };
		DF241EFA1D0502B600C61196 /* MxErrors.swift */ = {isa = PBXFileReference; fileEncoding = 4; lastKnownFileType = sourcecode.swift; path = MxErrors.swift; sourceTree = "<group>"; };
		DF241EFC1D05C02600C61196 /* BrightFutures.framework.dSYM */ = {isa = PBXFileReference; lastKnownFileType = wrapper.dsym; name = BrightFutures.framework.dSYM; path = Carthage/Build/Mac/BrightFutures.framework.dSYM; sourceTree = SOURCE_ROOT; };
		DF241EFD1D05C02600C61196 /* BrightFutures.framework */ = {isa = PBXFileReference; lastKnownFileType = wrapper.framework; name = BrightFutures.framework; path = Carthage/Build/Mac/BrightFutures.framework; sourceTree = SOURCE_ROOT; };
		DF2E221E1CFC8A7700F303F5 /* Box.framework */ = {isa = PBXFileReference; lastKnownFileType = wrapper.framework; name = Box.framework; path = Carthage/Build/Mac/Box.framework; sourceTree = SOURCE_ROOT; };
		DF2E221F1CFC8A7700F303F5 /* ReactiveCocoa.framework */ = {isa = PBXFileReference; lastKnownFileType = wrapper.framework; name = ReactiveCocoa.framework; path = Carthage/Build/Mac/ReactiveCocoa.framework; sourceTree = SOURCE_ROOT; };
		DF2E22221CFC8A7700F303F5 /* RxBlocking.framework */ = {isa = PBXFileReference; lastKnownFileType = wrapper.framework; name = RxBlocking.framework; path = Carthage/Build/Mac/RxBlocking.framework; sourceTree = SOURCE_ROOT; };
		DF2E22231CFC8A7700F303F5 /* RxCocoa.framework */ = {isa = PBXFileReference; lastKnownFileType = wrapper.framework; name = RxCocoa.framework; path = Carthage/Build/Mac/RxCocoa.framework; sourceTree = SOURCE_ROOT; };
		DF2E22241CFC8A7700F303F5 /* RxSwift.framework */ = {isa = PBXFileReference; lastKnownFileType = wrapper.framework; name = RxSwift.framework; path = Carthage/Build/Mac/RxSwift.framework; sourceTree = SOURCE_ROOT; };
		DF2E22251CFC8A7700F303F5 /* RxTests.framework */ = {isa = PBXFileReference; lastKnownFileType = wrapper.framework; name = RxTests.framework; path = Carthage/Build/Mac/RxTests.framework; sourceTree = SOURCE_ROOT; };
		DF2E22411CFC8BAC00F303F5 /* ReactiveCocoa.framework.dSYM */ = {isa = PBXFileReference; lastKnownFileType = wrapper.dsym; name = ReactiveCocoa.framework.dSYM; path = ../Carthage/Build/Mac/ReactiveCocoa.framework.dSYM; sourceTree = "<group>"; };
		DF2E22441CFC8BAC00F303F5 /* Result.framework.dSYM */ = {isa = PBXFileReference; lastKnownFileType = wrapper.dsym; name = Result.framework.dSYM; path = ../Carthage/Build/Mac/Result.framework.dSYM; sourceTree = "<group>"; };
		DF2E22451CFC8BAC00F303F5 /* RxBlocking.framework.dSYM */ = {isa = PBXFileReference; lastKnownFileType = wrapper.dsym; name = RxBlocking.framework.dSYM; path = ../Carthage/Build/Mac/RxBlocking.framework.dSYM; sourceTree = "<group>"; };
		DF2E22461CFC8BAC00F303F5 /* RxCocoa.framework.dSYM */ = {isa = PBXFileReference; lastKnownFileType = wrapper.dsym; name = RxCocoa.framework.dSYM; path = ../Carthage/Build/Mac/RxCocoa.framework.dSYM; sourceTree = "<group>"; };
		DF2E22471CFC8BAC00F303F5 /* RxSwift.framework.dSYM */ = {isa = PBXFileReference; lastKnownFileType = wrapper.dsym; name = RxSwift.framework.dSYM; path = ../Carthage/Build/Mac/RxSwift.framework.dSYM; sourceTree = "<group>"; };
		DF2E22481CFC8BAC00F303F5 /* RxTests.framework.dSYM */ = {isa = PBXFileReference; lastKnownFileType = wrapper.dsym; name = RxTests.framework.dSYM; path = ../Carthage/Build/Mac/RxTests.framework.dSYM; sourceTree = "<group>"; };
		DF44793B1CEB680700E3A685 /* MxProviderModel.swift */ = {isa = PBXFileReference; fileEncoding = 4; lastKnownFileType = sourcecode.swift; name = MxProviderModel.swift; path = Model/MxProviderModel.swift; sourceTree = "<group>"; };
		DF44793F1CEB689000E3A685 /* MxLabelModel.swift */ = {isa = PBXFileReference; fileEncoding = 4; lastKnownFileType = sourcecode.swift; name = MxLabelModel.swift; path = Model/MxLabelModel.swift; sourceTree = "<group>"; };
		DF4F05E51CF9D8B500123CA3 /* MailXStoryboard.storyboard */ = {isa = PBXFileReference; fileEncoding = 4; lastKnownFileType = file.storyboard; name = MailXStoryboard.storyboard; path = Views/MailXStoryboard.storyboard; sourceTree = "<group>"; };
		DF5B57DB1D09E066007729FA /* Realm.framework.dSYM */ = {isa = PBXFileReference; lastKnownFileType = wrapper.dsym; name = Realm.framework.dSYM; path = Carthage/Build/Mac/Realm.framework.dSYM; sourceTree = SOURCE_ROOT; };
		DF5B57DC1D09E066007729FA /* RealmSwift.framework.dSYM */ = {isa = PBXFileReference; lastKnownFileType = wrapper.dsym; name = RealmSwift.framework.dSYM; path = Carthage/Build/Mac/RealmSwift.framework.dSYM; sourceTree = SOURCE_ROOT; };
		DF5B57DD1D09E066007729FA /* Realm.framework */ = {isa = PBXFileReference; lastKnownFileType = wrapper.framework; name = Realm.framework; path = Carthage/Build/Mac/Realm.framework; sourceTree = SOURCE_ROOT; };
		DF5B57DE1D09E066007729FA /* RealmSwift.framework */ = {isa = PBXFileReference; lastKnownFileType = wrapper.framework; name = RealmSwift.framework; path = Carthage/Build/Mac/RealmSwift.framework; sourceTree = SOURCE_ROOT; };
		DF98B55B1CF9222500DAC34F /* Pipes.framework */ = {isa = PBXFileReference; lastKnownFileType = wrapper.framework; path = Pipes.framework; sourceTree = "<group>"; };
		DF98B55C1CF9222500DAC34F /* Result.framework */ = {isa = PBXFileReference; lastKnownFileType = wrapper.framework; path = Result.framework; sourceTree = "<group>"; };
		DFA313021CF0C02600500607 /* MxErrorActions.swift */ = {isa = PBXFileReference; fileEncoding = 4; lastKnownFileType = sourcecode.swift; name = MxErrorActions.swift; path = State/MxErrorActions.swift; sourceTree = "<group>"; };
		DFA313041CF0C0D200500607 /* MxErrorsState.swift */ = {isa = PBXFileReference; fileEncoding = 4; lastKnownFileType = sourcecode.swift; name = MxErrorsState.swift; path = State/MxErrorsState.swift; sourceTree = "<group>"; };
		DFA313071CF1290900500607 /* MxBusinessObjects.swift */ = {isa = PBXFileReference; fileEncoding = 4; lastKnownFileType = sourcecode.swift; lineEnding = 0; path = MxBusinessObjects.swift; sourceTree = "<group>"; xcLanguageSpecificationIdentifier = xcode.lang.swift; };
		DFB84E381CEAA72E0088090D /* MailX.app */ = {isa = PBXFileReference; explicitFileType = wrapper.application; includeInIndex = 0; path = MailX.app; sourceTree = BUILT_PRODUCTS_DIR; };
		DFB84E3B1CEAA72E0088090D /* AppDelegate.swift */ = {isa = PBXFileReference; lastKnownFileType = sourcecode.swift; path = AppDelegate.swift; sourceTree = "<group>"; };
		DFB84E3F1CEAA72E0088090D /* Assets.xcassets */ = {isa = PBXFileReference; lastKnownFileType = folder.assetcatalog; path = Assets.xcassets; sourceTree = "<group>"; };
		DFB84E441CEAA72E0088090D /* Info.plist */ = {isa = PBXFileReference; lastKnownFileType = text.plist.xml; path = Info.plist; sourceTree = "<group>"; };
		DFB84E491CEAA72E0088090D /* MailXTests.xctest */ = {isa = PBXFileReference; explicitFileType = wrapper.cfbundle; includeInIndex = 0; path = MailXTests.xctest; sourceTree = BUILT_PRODUCTS_DIR; };
		DFB84E4D1CEAA72E0088090D /* MailXTests.swift */ = {isa = PBXFileReference; lastKnownFileType = sourcecode.swift; path = MailXTests.swift; sourceTree = "<group>"; };
		DFB84E4F1CEAA72E0088090D /* Info.plist */ = {isa = PBXFileReference; lastKnownFileType = text.plist.xml; path = Info.plist; sourceTree = "<group>"; };
		DFB84E541CEAA72E0088090D /* MailXUITests.xctest */ = {isa = PBXFileReference; explicitFileType = wrapper.cfbundle; includeInIndex = 0; path = MailXUITests.xctest; sourceTree = BUILT_PRODUCTS_DIR; };
		DFB84E581CEAA72E0088090D /* MailXUITests.swift */ = {isa = PBXFileReference; lastKnownFileType = sourcecode.swift; path = MailXUITests.swift; sourceTree = "<group>"; };
		DFB84E5A1CEAA72E0088090D /* Info.plist */ = {isa = PBXFileReference; lastKnownFileType = text.plist.xml; path = Info.plist; sourceTree = "<group>"; };
		DFB84E661CEAA8560088090D /* MailX-Bridging-Header.h */ = {isa = PBXFileReference; lastKnownFileType = sourcecode.c.h; path = "MailX-Bridging-Header.h"; sourceTree = SOURCE_ROOT; };
		DFB84E711CEAA8580088090D /* MxLogs.swift */ = {isa = PBXFileReference; fileEncoding = 4; lastKnownFileType = sourcecode.swift; path = MxLogs.swift; sourceTree = "<group>"; };
		DFB84E721CEAA8580088090D /* MxResults.swift */ = {isa = PBXFileReference; fileEncoding = 4; lastKnownFileType = sourcecode.swift; lineEnding = 0; path = MxResults.swift; sourceTree = "<group>"; xcLanguageSpecificationIdentifier = xcode.lang.swift; };
		DFB84E731CEAA8580088090D /* MxUserPreferences.swift */ = {isa = PBXFileReference; fileEncoding = 4; lastKnownFileType = sourcecode.swift; path = MxUserPreferences.swift; sourceTree = "<group>"; };
		DFB84E9C1CEAAA9A0088090D /* Cartfile */ = {isa = PBXFileReference; fileEncoding = 4; lastKnownFileType = text; path = Cartfile; sourceTree = "<group>"; };
		DFB84E9D1CEAAA9A0088090D /* CartfileExample.txt */ = {isa = PBXFileReference; fileEncoding = 4; lastKnownFileType = text; path = CartfileExample.txt; sourceTree = "<group>"; };
		DFB84E9E1CEAAA9A0088090D /* Cartfile.private */ = {isa = PBXFileReference; fileEncoding = 4; lastKnownFileType = text; path = Cartfile.private; sourceTree = "<group>"; };
		DFB84E9F1CEAAA9A0088090D /* Cartfile.resolved */ = {isa = PBXFileReference; fileEncoding = 4; lastKnownFileType = text; path = Cartfile.resolved; sourceTree = "<group>"; };
		DFB84EA51CEAAB8A0088090D /* Properties.plist */ = {isa = PBXFileReference; fileEncoding = 4; lastKnownFileType = text.plist.xml; path = Properties.plist; sourceTree = "<group>"; };
		DFB84EA91CEAABFF0088090D /* MxDBObjects.swift */ = {isa = PBXFileReference; fileEncoding = 4; lastKnownFileType = sourcecode.swift; lineEnding = 0; name = MxDBObjects.swift; path = Model/MxDBObjects.swift; sourceTree = "<group>"; xcLanguageSpecificationIdentifier = xcode.lang.swift; };
		DFB84EAB1CEAABFF0088090D /* MxModelObjects.swift */ = {isa = PBXFileReference; fileEncoding = 4; lastKnownFileType = sourcecode.swift; lineEnding = 0; name = MxModelObjects.swift; path = Model/MxModelObjects.swift; sourceTree = "<group>"; xcLanguageSpecificationIdentifier = xcode.lang.swift; };
		DFB84EB71CEAB03F0088090D /* MxDBLevel.swift */ = {isa = PBXFileReference; fileEncoding = 4; lastKnownFileType = sourcecode.swift; lineEnding = 0; name = MxDBLevel.swift; path = Services/MxDBLevel.swift; sourceTree = "<group>"; xcLanguageSpecificationIdentifier = xcode.lang.swift; };
		DFB84EB81CEAB03F0088090D /* MxSyncManager.swift */ = {isa = PBXFileReference; fileEncoding = 4; lastKnownFileType = sourcecode.swift; name = MxSyncManager.swift; path = Services/MxSyncManager.swift; sourceTree = "<group>"; };
		DFB84EBE1CEAB0DD0088090D /* MxConnectionOperation.swift */ = {isa = PBXFileReference; fileEncoding = 4; lastKnownFileType = sourcecode.swift; name = MxConnectionOperation.swift; path = Services/Remote/MxConnectionOperation.swift; sourceTree = "<group>"; };
		DFB84EBF1CEAB0DD0088090D /* MxFetchLabelsOperation.swift */ = {isa = PBXFileReference; fileEncoding = 4; lastKnownFileType = sourcecode.swift; name = MxFetchLabelsOperation.swift; path = Services/Remote/MxFetchLabelsOperation.swift; sourceTree = "<group>"; };
		DFB84EC01CEAB0DD0088090D /* MxFetchMessagesInLabelOperation.swift */ = {isa = PBXFileReference; fileEncoding = 4; lastKnownFileType = sourcecode.swift; name = MxFetchMessagesInLabelOperation.swift; path = Services/Remote/MxFetchMessagesInLabelOperation.swift; sourceTree = "<group>"; };
		DFB84EC11CEAB0DD0088090D /* MxGMailBridge.swift */ = {isa = PBXFileReference; fileEncoding = 4; lastKnownFileType = sourcecode.swift; lineEnding = 0; name = MxGMailBridge.swift; path = Services/Remote/MxGMailBridge.swift; sourceTree = "<group>"; xcLanguageSpecificationIdentifier = xcode.lang.swift; };
		DFB84EC21CEAB0DD0088090D /* MxMailboxBridge.swift */ = {isa = PBXFileReference; fileEncoding = 4; lastKnownFileType = sourcecode.swift; lineEnding = 0; name = MxMailboxBridge.swift; path = Services/Remote/MxMailboxBridge.swift; sourceTree = "<group>"; xcLanguageSpecificationIdentifier = xcode.lang.swift; };
		DFB84EC31CEAB0DD0088090D /* MxSyncOperation.swift */ = {isa = PBXFileReference; fileEncoding = 4; lastKnownFileType = sourcecode.swift; name = MxSyncOperation.swift; path = Services/Remote/MxSyncOperation.swift; sourceTree = "<group>"; };
		DFB84EC41CEAB0DD0088090D /* MxMailboxProxy.swift */ = {isa = PBXFileReference; fileEncoding = 4; lastKnownFileType = sourcecode.swift; name = MxMailboxProxy.swift; path = Services/Remote/MxMailboxProxy.swift; sourceTree = "<group>"; };
		DFB84ECE1CEAB2310088090D /* Cocoa.framework */ = {isa = PBXFileReference; lastKnownFileType = wrapper.framework; name = Cocoa.framework; path = System/Library/Frameworks/Cocoa.framework; sourceTree = SDKROOT; };
		DFB84ED01CEAB23C0088090D /* Security.framework */ = {isa = PBXFileReference; lastKnownFileType = wrapper.framework; name = Security.framework; path = System/Library/Frameworks/Security.framework; sourceTree = SDKROOT; };
		DFB84ED21CEAB24D0088090D /* SystemConfiguration.framework */ = {isa = PBXFileReference; lastKnownFileType = wrapper.framework; name = SystemConfiguration.framework; path = System/Library/Frameworks/SystemConfiguration.framework; sourceTree = SDKROOT; };
		DFB84EE81CEAB5E50088090D /* .gitignore */ = {isa = PBXFileReference; fileEncoding = 4; lastKnownFileType = text; path = .gitignore; sourceTree = "<group>"; };
		DFB84EEC1CEAB62B0088090D /* GTL.framework */ = {isa = PBXFileReference; lastKnownFileType = wrapper.framework; name = GTL.framework; path = Frameworks/GTL.framework; sourceTree = SOURCE_ROOT; };
		DFB84F211CEB515F0088090D /* GTMOAuth2Window.xib */ = {isa = PBXFileReference; fileEncoding = 4; lastKnownFileType = file.xib; name = GTMOAuth2Window.xib; path = Views/GTMOAuth2Window.xib; sourceTree = "<group>"; };
		DFB84F231CEB515F0088090D /* MxLabelsViewController.swift */ = {isa = PBXFileReference; fileEncoding = 4; lastKnownFileType = sourcecode.swift; name = MxLabelsViewController.swift; path = Views/MxLabelsViewController.swift; sourceTree = "<group>"; };
		DFB84F271CEB51980088090D /* MxUIState.swift */ = {isa = PBXFileReference; fileEncoding = 4; lastKnownFileType = sourcecode.swift; lineEnding = 0; name = MxUIState.swift; path = State/MxUIState.swift; sourceTree = "<group>"; xcLanguageSpecificationIdentifier = xcode.lang.swift; };
		DFB84F281CEB51980088090D /* MxMailboxesState.swift */ = {isa = PBXFileReference; fileEncoding = 4; lastKnownFileType = sourcecode.swift; name = MxMailboxesState.swift; path = State/MxMailboxesState.swift; sourceTree = "<group>"; };
		DFB84F291CEB51980088090D /* MxProvidersState.swift */ = {isa = PBXFileReference; fileEncoding = 4; lastKnownFileType = sourcecode.swift; name = MxProvidersState.swift; path = State/MxProvidersState.swift; sourceTree = "<group>"; };
		DFBBCEEC1D01EEAE00D8BB4E /* MxMailboxModel.swift */ = {isa = PBXFileReference; fileEncoding = 4; lastKnownFileType = sourcecode.swift; name = MxMailboxModel.swift; path = Model/MxMailboxModel.swift; sourceTree = "<group>"; };
		DFBBCEEF1D02D79B00D8BB4E /* MxUIStateObjects.swift */ = {isa = PBXFileReference; fileEncoding = 4; lastKnownFileType = sourcecode.swift; name = MxUIStateObjects.swift; path = State/MxUIStateObjects.swift; sourceTree = "<group>"; };
		DFBBCEF31D034AB900D8BB4E /* MxStackManager.swift */ = {isa = PBXFileReference; fileEncoding = 4; lastKnownFileType = sourcecode.swift; path = MxStackManager.swift; sourceTree = "<group>"; };
		DFBBCEF51D034DE300D8BB4E /* MxMemoryLevel.swift */ = {isa = PBXFileReference; fileEncoding = 4; lastKnownFileType = sourcecode.swift; path = MxMemoryLevel.swift; sourceTree = "<group>"; };
		DFBBCEF71D03951800D8BB4E /* MxStackProtocols.swift */ = {isa = PBXFileReference; fileEncoding = 4; lastKnownFileType = sourcecode.swift; path = MxStackProtocols.swift; sourceTree = "<group>"; };
		DFBBCEF91D03999500D8BB4E /* MxMemoryCache.swift */ = {isa = PBXFileReference; fileEncoding = 4; lastKnownFileType = sourcecode.swift; path = MxMemoryCache.swift; sourceTree = "<group>"; };
		DFD3ACF01CFD0BC3007C909F /* MxDBInitializer.swift */ = {isa = PBXFileReference; fileEncoding = 4; lastKnownFileType = sourcecode.swift; name = MxDBInitializer.swift; path = Services/MxDBInitializer.swift; sourceTree = "<group>"; };
		DFD44AB21D010796001DF6F5 /* CleanroomASL.framework.dSYM */ = {isa = PBXFileReference; lastKnownFileType = wrapper.dsym; name = CleanroomASL.framework.dSYM; path = Carthage/Build/Mac/CleanroomASL.framework.dSYM; sourceTree = SOURCE_ROOT; };
		DFD44AB31D010796001DF6F5 /* CleanroomLogger.framework.dSYM */ = {isa = PBXFileReference; lastKnownFileType = wrapper.dsym; name = CleanroomLogger.framework.dSYM; path = Carthage/Build/Mac/CleanroomLogger.framework.dSYM; sourceTree = SOURCE_ROOT; };
		DFD44AB41D010796001DF6F5 /* CleanroomASL.framework */ = {isa = PBXFileReference; lastKnownFileType = wrapper.framework; name = CleanroomASL.framework; path = Carthage/Build/Mac/CleanroomASL.framework; sourceTree = SOURCE_ROOT; };
		DFD44AB51D010796001DF6F5 /* CleanroomLogger.framework */ = {isa = PBXFileReference; lastKnownFileType = wrapper.framework; name = CleanroomLogger.framework; path = Carthage/Build/Mac/CleanroomLogger.framework; sourceTree = SOURCE_ROOT; };
		DFE26F011CEBF7BA00FB401A /* ReSwift.framework */ = {isa = PBXFileReference; lastKnownFileType = wrapper.framework; name = ReSwift.framework; path = Frameworks/ReSwift.framework; sourceTree = SOURCE_ROOT; };
		DFE26F071CEC097000FB401A /* MxMessageState.swift */ = {isa = PBXFileReference; fileEncoding = 4; lastKnownFileType = sourcecode.swift; name = MxMessageState.swift; path = State/MxMessageState.swift; sourceTree = "<group>"; };
		DFE26F091CEC09A900FB401A /* MxLabelsState.swift */ = {isa = PBXFileReference; fileEncoding = 4; lastKnownFileType = sourcecode.swift; name = MxLabelsState.swift; path = State/MxLabelsState.swift; sourceTree = "<group>"; };
		DFE26F0B1CEC09B600FB401A /* MxMessageModel.swift */ = {isa = PBXFileReference; fileEncoding = 4; lastKnownFileType = sourcecode.swift; name = MxMessageModel.swift; path = Model/MxMessageModel.swift; sourceTree = "<group>"; };
		DFE26F1A1CEF46C000FB401A /* MxAppProperties.swift */ = {isa = PBXFileReference; fileEncoding = 4; lastKnownFileType = sourcecode.swift; path = MxAppProperties.swift; sourceTree = "<group>"; };
		DFE26F241CEF56F100FB401A /* MxLabelActions.swift */ = {isa = PBXFileReference; fileEncoding = 4; lastKnownFileType = sourcecode.swift; name = MxLabelActions.swift; path = State/MxLabelActions.swift; sourceTree = "<group>"; };
		DFE26F251CEF56F100FB401A /* MxPropertiesActions.swift */ = {isa = PBXFileReference; fileEncoding = 4; lastKnownFileType = sourcecode.swift; name = MxPropertiesActions.swift; path = State/MxPropertiesActions.swift; sourceTree = "<group>"; };
		DFE26F261CEF56F100FB401A /* MxAppStateActions.swift */ = {isa = PBXFileReference; fileEncoding = 4; lastKnownFileType = sourcecode.swift; name = MxAppStateActions.swift; path = State/MxAppStateActions.swift; sourceTree = "<group>"; };
		DFE26F2A1CEF570100FB401A /* MxAppReducer.swift */ = {isa = PBXFileReference; fileEncoding = 4; lastKnownFileType = sourcecode.swift; name = MxAppReducer.swift; path = State/MxAppReducer.swift; sourceTree = "<group>"; };
		DFE26F2B1CEF570100FB401A /* MxLabelReducer.swift */ = {isa = PBXFileReference; fileEncoding = 4; lastKnownFileType = sourcecode.swift; name = MxLabelReducer.swift; path = State/MxLabelReducer.swift; sourceTree = "<group>"; };
		DFE26F2E1CEF7B2700FB401A /* MxStoreManager.swift */ = {isa = PBXFileReference; fileEncoding = 4; lastKnownFileType = sourcecode.swift; name = MxStoreManager.swift; path = State/MxStoreManager.swift; sourceTree = "<group>"; };
		DFE26F301CEF7CB400FB401A /* MxStateArchiver.swift */ = {isa = PBXFileReference; fileEncoding = 4; lastKnownFileType = sourcecode.swift; path = MxStateArchiver.swift; sourceTree = "<group>"; };
		DFE26F321CEF91B800FB401A /* MxPropertiesState.swift */ = {isa = PBXFileReference; fileEncoding = 4; lastKnownFileType = sourcecode.swift; name = MxPropertiesState.swift; path = State/MxPropertiesState.swift; sourceTree = "<group>"; };
		DFE26F341CEF9B6B00FB401A /* MxAction.swift */ = {isa = PBXFileReference; fileEncoding = 4; lastKnownFileType = sourcecode.swift; name = MxAction.swift; path = State/MxAction.swift; sourceTree = "<group>"; };
		DFE26F361CEFA3EE00FB401A /* MxMailboxActions.swift */ = {isa = PBXFileReference; fileEncoding = 4; lastKnownFileType = sourcecode.swift; name = MxMailboxActions.swift; path = State/MxMailboxActions.swift; sourceTree = "<group>"; };
		EC59DA71744A9FBDCAD8E41A /* Pods-MailX.debug.xcconfig */ = {isa = PBXFileReference; includeInIndex = 1; lastKnownFileType = text.xcconfig; name = "Pods-MailX.debug.xcconfig"; path = "../Pods/Target Support Files/Pods-MailX/Pods-MailX.debug.xcconfig"; sourceTree = "<group>"; };
/* End PBXFileReference section */

/* Begin PBXFrameworksBuildPhase section */
		DFB84E351CEAA72D0088090D /* Frameworks */ = {
			isa = PBXFrameworksBuildPhase;
			buildActionMask = 2147483647;
			files = (
				DF5B57E11D09E066007729FA /* Realm.framework in Frameworks */,
				DFD44ABC1D010820001DF6F5 /* CleanroomLogger.framework in Frameworks */,
				DF5B57E51D09E073007729FA /* RealmSwift.framework in Frameworks */,
				DF241EFF1D05C02600C61196 /* BrightFutures.framework in Frameworks */,
				DFB84EF11CEAB62B0088090D /* GTL.framework in Frameworks */,
				DF5B57E31D09E070007729FA /* Realm.framework in Frameworks */,
				DF2E223C1CFC8B4500F303F5 /* RxSwift.framework in Frameworks */,
				DF5B57E21D09E066007729FA /* RealmSwift.framework in Frameworks */,
				DFB84ED31CEAB24D0088090D /* SystemConfiguration.framework in Frameworks */,
				DF2E22381CFC8B4500F303F5 /* RxBlocking.framework in Frameworks */,
				DFD44ABA1D010820001DF6F5 /* CleanroomASL.framework in Frameworks */,
				DFB84ED11CEAB23C0088090D /* Security.framework in Frameworks */,
				DF98B5631CF9223300DAC34F /* Result.framework in Frameworks */,
				DF98B55E1CF9222500DAC34F /* Pipes.framework in Frameworks */,
				DF2E223A1CFC8B4500F303F5 /* RxCocoa.framework in Frameworks */,
				DFE26F021CEBF7BA00FB401A /* ReSwift.framework in Frameworks */,
				DF98B55F1CF9222500DAC34F /* Result.framework in Frameworks */,
				DF2E22321CFC8B4500F303F5 /* ReactiveCocoa.framework in Frameworks */,
				DFB84ECF1CEAB2310088090D /* Cocoa.framework in Frameworks */,
				DF2E22301CFC8B4500F303F5 /* Box.framework in Frameworks */,
				78156F2C38FF98059753DA3D /* Pods_MailX.framework in Frameworks */,
			);
			runOnlyForDeploymentPostprocessing = 0;
		};
		DFB84E461CEAA72E0088090D /* Frameworks */ = {
			isa = PBXFrameworksBuildPhase;
			buildActionMask = 2147483647;
			files = (
			);
			runOnlyForDeploymentPostprocessing = 0;
		};
		DFB84E511CEAA72E0088090D /* Frameworks */ = {
			isa = PBXFrameworksBuildPhase;
			buildActionMask = 2147483647;
			files = (
			);
			runOnlyForDeploymentPostprocessing = 0;
		};
/* End PBXFrameworksBuildPhase section */

/* Begin PBXGroup section */
		7B288EC49E0DDD484BDFE716 /* Pods */ = {
			isa = PBXGroup;
			children = (
				EC59DA71744A9FBDCAD8E41A /* Pods-MailX.debug.xcconfig */,
				1F1446166CC5B3B0E5151E37 /* Pods-MailX.release.xcconfig */,
			);
			name = Pods;
			sourceTree = "<group>";
		};
		DF2E22531CFC8BD300F303F5 /* dSYM */ = {
			isa = PBXGroup;
			children = (
				DF5B57DB1D09E066007729FA /* Realm.framework.dSYM */,
				DF5B57DC1D09E066007729FA /* RealmSwift.framework.dSYM */,
				DF241EFC1D05C02600C61196 /* BrightFutures.framework.dSYM */,
				DFD44AB21D010796001DF6F5 /* CleanroomASL.framework.dSYM */,
				DFD44AB31D010796001DF6F5 /* CleanroomLogger.framework.dSYM */,
				DF2E22411CFC8BAC00F303F5 /* ReactiveCocoa.framework.dSYM */,
				DF2E22441CFC8BAC00F303F5 /* Result.framework.dSYM */,
				DF2E22451CFC8BAC00F303F5 /* RxBlocking.framework.dSYM */,
				DF2E22461CFC8BAC00F303F5 /* RxCocoa.framework.dSYM */,
				DF2E22471CFC8BAC00F303F5 /* RxSwift.framework.dSYM */,
				DF2E22481CFC8BAC00F303F5 /* RxTests.framework.dSYM */,
			);
			name = dSYM;
			sourceTree = "<group>";
		};
		DFA313061CF0E3F600500607 /* Model */ = {
			isa = PBXGroup;
			children = (
				DFBBCEF31D034AB900D8BB4E /* MxStackManager.swift */,
				DFB84EB81CEAB03F0088090D /* MxSyncManager.swift */,
				DFBBCEF71D03951800D8BB4E /* MxStackProtocols.swift */,
				DFB84EA71CEAABF30088090D /* ModelObjects */,
				DFBBCEF11D02D96700D8BB4E /* Memory */,
				DFBBCEF21D02D97D00D8BB4E /* DB */,
				DFB84EBD1CEAB0BC0088090D /* Network */,
			);
			name = Model;
			sourceTree = "<group>";
		};
		DFB84E2F1CEAA72D0088090D = {
			isa = PBXGroup;
			children = (
				DFB84EE81CEAB5E50088090D /* .gitignore */,
				DFB84E9B1CEAAA8B0088090D /* Carthage */,
				DFB84E3A1CEAA72E0088090D /* MailX */,
				DFB84E4C1CEAA72E0088090D /* MailXTests */,
				DFB84E571CEAA72E0088090D /* MailXUITests */,
				DFB84E801CEAA88A0088090D /* Frameworks */,
				DFB84E391CEAA72E0088090D /* Products */,
				7B288EC49E0DDD484BDFE716 /* Pods */,
			);
			sourceTree = "<group>";
		};
		DFB84E391CEAA72E0088090D /* Products */ = {
			isa = PBXGroup;
			children = (
				DFB84E381CEAA72E0088090D /* MailX.app */,
				DFB84E491CEAA72E0088090D /* MailXTests.xctest */,
				DFB84E541CEAA72E0088090D /* MailXUITests.xctest */,
			);
			name = Products;
			sourceTree = "<group>";
		};
		DFB84E3A1CEAA72E0088090D /* MailX */ = {
			isa = PBXGroup;
			children = (
				DFA313071CF1290900500607 /* MxBusinessObjects.swift */,
				DF241EFA1D0502B600C61196 /* MxErrors.swift */,
				DFE26F171CEE99E200FB401A /* UI */,
				DFA313061CF0E3F600500607 /* Model */,
				DFB84E811CEAA8BD0088090D /* Deps */,
				DFB84EA41CEAAB4A0088090D /* Helpers */,
				DFB84E661CEAA8560088090D /* MailX-Bridging-Header.h */,
				DFB84E3B1CEAA72E0088090D /* AppDelegate.swift */,
				DFB84E3F1CEAA72E0088090D /* Assets.xcassets */,
				DFB84E441CEAA72E0088090D /* Info.plist */,
			);
			path = MailX;
			sourceTree = "<group>";
		};
		DFB84E4C1CEAA72E0088090D /* MailXTests */ = {
			isa = PBXGroup;
			children = (
				DFB84E4D1CEAA72E0088090D /* MailXTests.swift */,
				DFB84E4F1CEAA72E0088090D /* Info.plist */,
			);
			path = MailXTests;
			sourceTree = "<group>";
		};
		DFB84E571CEAA72E0088090D /* MailXUITests */ = {
			isa = PBXGroup;
			children = (
				DFB84E581CEAA72E0088090D /* MailXUITests.swift */,
				DFB84E5A1CEAA72E0088090D /* Info.plist */,
			);
			path = MailXUITests;
			sourceTree = "<group>";
		};
		DFB84E801CEAA88A0088090D /* Frameworks */ = {
			isa = PBXGroup;
			children = (
				DF2E22531CFC8BD300F303F5 /* dSYM */,
				DF5B57DD1D09E066007729FA /* Realm.framework */,
				DF5B57DE1D09E066007729FA /* RealmSwift.framework */,
				DF241EFD1D05C02600C61196 /* BrightFutures.framework */,
				DFD44AB41D010796001DF6F5 /* CleanroomASL.framework */,
				DFD44AB51D010796001DF6F5 /* CleanroomLogger.framework */,
				DF2E221E1CFC8A7700F303F5 /* Box.framework */,
				DF2E221F1CFC8A7700F303F5 /* ReactiveCocoa.framework */,
				DF2E22221CFC8A7700F303F5 /* RxBlocking.framework */,
				DF2E22231CFC8A7700F303F5 /* RxCocoa.framework */,
				DF2E22241CFC8A7700F303F5 /* RxSwift.framework */,
				DF2E22251CFC8A7700F303F5 /* RxTests.framework */,
				DF98B55B1CF9222500DAC34F /* Pipes.framework */,
				DF98B55C1CF9222500DAC34F /* Result.framework */,
				DFE26F011CEBF7BA00FB401A /* ReSwift.framework */,
				DFB84EEC1CEAB62B0088090D /* GTL.framework */,
				DFB84ED21CEAB24D0088090D /* SystemConfiguration.framework */,
				DFB84ED01CEAB23C0088090D /* Security.framework */,
				DFB84ECE1CEAB2310088090D /* Cocoa.framework */,
				666015A3551CB8A57FA51D6C /* Pods_MailX.framework */,
			);
			path = Frameworks;
			sourceTree = "<group>";
		};
		DFB84E811CEAA8BD0088090D /* Deps */ = {
			isa = PBXGroup;
			children = (
				DFB84EB01CEAAC450088090D /* GTL */,
			);
			name = Deps;
			sourceTree = "<group>";
		};
		DFB84E8C1CEAAA450088090D /* Views */ = {
			isa = PBXGroup;
			children = (
				DFB84F211CEB515F0088090D /* GTMOAuth2Window.xib */,
				DFB84F231CEB515F0088090D /* MxLabelsViewController.swift */,
				DF4F05E51CF9D8B500123CA3 /* MailXStoryboard.storyboard */,
			);
			name = Views;
			sourceTree = "<group>";
		};
		DFB84E9B1CEAAA8B0088090D /* Carthage */ = {
			isa = PBXGroup;
			children = (
				DFB84E9C1CEAAA9A0088090D /* Cartfile */,
				DFB84E9D1CEAAA9A0088090D /* CartfileExample.txt */,
				DFB84E9E1CEAAA9A0088090D /* Cartfile.private */,
				DFB84E9F1CEAAA9A0088090D /* Cartfile.resolved */,
			);
			name = Carthage;
			sourceTree = "<group>";
		};
		DFB84EA41CEAAB4A0088090D /* Helpers */ = {
			isa = PBXGroup;
			children = (
				DFB84E731CEAA8580088090D /* MxUserPreferences.swift */,
				DFB84EA51CEAAB8A0088090D /* Properties.plist */,
				DFB84E711CEAA8580088090D /* MxLogs.swift */,
				DFB84E721CEAA8580088090D /* MxResults.swift */,
				DFE26F1A1CEF46C000FB401A /* MxAppProperties.swift */,
			);
			name = Helpers;
			sourceTree = "<group>";
		};
		DFB84EA71CEAABF30088090D /* ModelObjects */ = {
			isa = PBXGroup;
			children = (
				DFB84EAB1CEAABFF0088090D /* MxModelObjects.swift */,
				DF44793B1CEB680700E3A685 /* MxProviderModel.swift */,
				DFBBCEEC1D01EEAE00D8BB4E /* MxMailboxModel.swift */,
				DF44793F1CEB689000E3A685 /* MxLabelModel.swift */,
				DFE26F0B1CEC09B600FB401A /* MxMessageModel.swift */,
			);
			name = ModelObjects;
			sourceTree = "<group>";
		};
		DFB84EB01CEAAC450088090D /* GTL */ = {
			isa = PBXGroup;
			children = (
			);
			name = GTL;
			sourceTree = "<group>";
		};
		DFB84EB41CEAB0020088090D /* UserActions */ = {
			isa = PBXGroup;
			children = (
				DFB84F2D1CEB51D70088090D /* Reducers */,
				DFE26F341CEF9B6B00FB401A /* MxAction.swift */,
				DFE26F261CEF56F100FB401A /* MxAppStateActions.swift */,
				DFE26F361CEFA3EE00FB401A /* MxMailboxActions.swift */,
				DFE26F241CEF56F100FB401A /* MxLabelActions.swift */,
				DFE26F251CEF56F100FB401A /* MxPropertiesActions.swift */,
				DFA313021CF0C02600500607 /* MxErrorActions.swift */,
			);
			name = UserActions;
			sourceTree = "<group>";
		};
		DFB84EBD1CEAB0BC0088090D /* Network */ = {
			isa = PBXGroup;
			children = (
				DF241EF81D03D80900C61196 /* MxNetworkLevel.swift */,
				DFB84EC41CEAB0DD0088090D /* MxMailboxProxy.swift */,
				DFB84ECD1CEAB1090088090D /* SyncOperations */,
				DFB84ECC1CEAB0EA0088090D /* Bridges */,
			);
			name = Network;
			sourceTree = "<group>";
		};
		DFB84ECC1CEAB0EA0088090D /* Bridges */ = {
			isa = PBXGroup;
			children = (
				DFB84EC11CEAB0DD0088090D /* MxGMailBridge.swift */,
				DFB84EC21CEAB0DD0088090D /* MxMailboxBridge.swift */,
			);
			name = Bridges;
			sourceTree = "<group>";
		};
		DFB84ECD1CEAB1090088090D /* SyncOperations */ = {
			isa = PBXGroup;
			children = (
				DFB84EBE1CEAB0DD0088090D /* MxConnectionOperation.swift */,
				DFB84EBF1CEAB0DD0088090D /* MxFetchLabelsOperation.swift */,
				DFB84EC01CEAB0DD0088090D /* MxFetchMessagesInLabelOperation.swift */,
				DFB84EC31CEAB0DD0088090D /* MxSyncOperation.swift */,
			);
			name = SyncOperations;
			sourceTree = "<group>";
		};
		DFB84EFE1CEABA2F0088090D /* UIState */ = {
			isa = PBXGroup;
			children = (
				DFB84F271CEB51980088090D /* MxUIState.swift */,
			);
			name = UIState;
			sourceTree = "<group>";
		};
		DFB84F2D1CEB51D70088090D /* Reducers */ = {
			isa = PBXGroup;
			children = (
				DFE26F2A1CEF570100FB401A /* MxAppReducer.swift */,
				DFE26F2B1CEF570100FB401A /* MxLabelReducer.swift */,
			);
			name = Reducers;
			sourceTree = "<group>";
		};
		DFBBCEEE1D02D6BF00D8BB4E /* StateObjects */ = {
			isa = PBXGroup;
			children = (
				DFBBCEEF1D02D79B00D8BB4E /* MxUIStateObjects.swift */,
				DFB84F291CEB51980088090D /* MxProvidersState.swift */,
				DFB84F281CEB51980088090D /* MxMailboxesState.swift */,
				DFE26F091CEC09A900FB401A /* MxLabelsState.swift */,
				DFE26F071CEC097000FB401A /* MxMessageState.swift */,
				DFE26F321CEF91B800FB401A /* MxPropertiesState.swift */,
				DFA313041CF0C0D200500607 /* MxErrorsState.swift */,
			);
			name = StateObjects;
			sourceTree = "<group>";
		};
		DFBBCEF11D02D96700D8BB4E /* Memory */ = {
			isa = PBXGroup;
			children = (
				DFBBCEF51D034DE300D8BB4E /* MxMemoryLevel.swift */,
				DFBBCEF91D03999500D8BB4E /* MxMemoryCache.swift */,
			);
			name = Memory;
			sourceTree = "<group>";
		};
		DFBBCEF21D02D97D00D8BB4E /* DB */ = {
			isa = PBXGroup;
			children = (
				DFB84EB71CEAB03F0088090D /* MxDBLevel.swift */,
				DFB84EA91CEAABFF0088090D /* MxDBObjects.swift */,
				DFD3ACF01CFD0BC3007C909F /* MxDBInitializer.swift */,
			);
			name = DB;
			sourceTree = "<group>";
		};
		DFE26F171CEE99E200FB401A /* UI */ = {
			isa = PBXGroup;
			children = (
				DFB84E8C1CEAAA450088090D /* Views */,
				DFB84EFE1CEABA2F0088090D /* UIState */,
				DFB84EB41CEAB0020088090D /* UserActions */,
				DFBBCEEE1D02D6BF00D8BB4E /* StateObjects */,
				DFE26F2E1CEF7B2700FB401A /* MxStoreManager.swift */,
				DFE26F301CEF7CB400FB401A /* MxStateArchiver.swift */,
			);
			name = UI;
			sourceTree = "<group>";
		};
/* End PBXGroup section */

/* Begin PBXNativeTarget section */
		DFB84E371CEAA72D0088090D /* MailX */ = {
			isa = PBXNativeTarget;
			buildConfigurationList = DFB84E5D1CEAA72E0088090D /* Build configuration list for PBXNativeTarget "MailX" */;
			buildPhases = (
				2FB1195AA47C790EFEF95780 /* 📦 Check Pods Manifest.lock */,
				DFB84E341CEAA72D0088090D /* Sources */,
				DFB84E351CEAA72D0088090D /* Frameworks */,
				DFB84E361CEAA72D0088090D /* Resources */,
				DFB84ED81CEAB2720088090D /* Embed Frameworks */,
				EC40A0C3F58BE810E5BDDC43 /* 📦 Embed Pods Frameworks */,
				910EB1FC6932D525084FA070 /* 📦 Copy Pods Resources */,
				DF2E22401CFC8B6600F303F5 /* CopyFiles */,
			);
			buildRules = (
			);
			dependencies = (
			);
			name = MailX;
			productName = MailX;
			productReference = DFB84E381CEAA72E0088090D /* MailX.app */;
			productType = "com.apple.product-type.application";
		};
		DFB84E481CEAA72E0088090D /* MailXTests */ = {
			isa = PBXNativeTarget;
			buildConfigurationList = DFB84E601CEAA72E0088090D /* Build configuration list for PBXNativeTarget "MailXTests" */;
			buildPhases = (
				DFB84E451CEAA72E0088090D /* Sources */,
				DFB84E461CEAA72E0088090D /* Frameworks */,
				DFB84E471CEAA72E0088090D /* Resources */,
			);
			buildRules = (
			);
			dependencies = (
				DFB84E4B1CEAA72E0088090D /* PBXTargetDependency */,
			);
			name = MailXTests;
			productName = MailXTests;
			productReference = DFB84E491CEAA72E0088090D /* MailXTests.xctest */;
			productType = "com.apple.product-type.bundle.unit-test";
		};
		DFB84E531CEAA72E0088090D /* MailXUITests */ = {
			isa = PBXNativeTarget;
			buildConfigurationList = DFB84E631CEAA72E0088090D /* Build configuration list for PBXNativeTarget "MailXUITests" */;
			buildPhases = (
				DFB84E501CEAA72E0088090D /* Sources */,
				DFB84E511CEAA72E0088090D /* Frameworks */,
				DFB84E521CEAA72E0088090D /* Resources */,
			);
			buildRules = (
			);
			dependencies = (
				DFB84E561CEAA72E0088090D /* PBXTargetDependency */,
			);
			name = MailXUITests;
			productName = MailXUITests;
			productReference = DFB84E541CEAA72E0088090D /* MailXUITests.xctest */;
			productType = "com.apple.product-type.bundle.ui-testing";
		};
/* End PBXNativeTarget section */

/* Begin PBXProject section */
		DFB84E301CEAA72D0088090D /* Project object */ = {
			isa = PBXProject;
			attributes = {
				LastSwiftUpdateCheck = 0730;
				LastUpgradeCheck = 0730;
				ORGANIZATIONNAME = rxdesign;
				TargetAttributes = {
					DFB84E371CEAA72D0088090D = {
						CreatedOnToolsVersion = 7.3;
					};
					DFB84E481CEAA72E0088090D = {
						CreatedOnToolsVersion = 7.3;
						TestTargetID = DFB84E371CEAA72D0088090D;
					};
					DFB84E531CEAA72E0088090D = {
						CreatedOnToolsVersion = 7.3;
						TestTargetID = DFB84E371CEAA72D0088090D;
					};
				};
			};
			buildConfigurationList = DFB84E331CEAA72D0088090D /* Build configuration list for PBXProject "MailX" */;
			compatibilityVersion = "Xcode 3.2";
			developmentRegion = English;
			hasScannedForEncodings = 0;
			knownRegions = (
				en,
				Base,
			);
			mainGroup = DFB84E2F1CEAA72D0088090D;
			productRefGroup = DFB84E391CEAA72E0088090D /* Products */;
			projectDirPath = "";
			projectRoot = "";
			targets = (
				DFB84E371CEAA72D0088090D /* MailX */,
				DFB84E481CEAA72E0088090D /* MailXTests */,
				DFB84E531CEAA72E0088090D /* MailXUITests */,
			);
		};
/* End PBXProject section */

/* Begin PBXResourcesBuildPhase section */
		DFB84E361CEAA72D0088090D /* Resources */ = {
			isa = PBXResourcesBuildPhase;
			buildActionMask = 2147483647;
			files = (
				DF241EFE1D05C02600C61196 /* BrightFutures.framework.dSYM in Resources */,
				DFB84E401CEAA72E0088090D /* Assets.xcassets in Resources */,
				DFB84EA61CEAAB8A0088090D /* Properties.plist in Resources */,
				DF2FFBA41CFCB29A001DF44F /* MailXStoryboard.storyboard in Resources */,
				DF5B57DF1D09E066007729FA /* Realm.framework.dSYM in Resources */,
				DF5B57E01D09E066007729FA /* RealmSwift.framework.dSYM in Resources */,
				DFD44AB61D010796001DF6F5 /* CleanroomASL.framework.dSYM in Resources */,
				DFB84F241CEB515F0088090D /* GTMOAuth2Window.xib in Resources */,
				DFD44AB71D010796001DF6F5 /* CleanroomLogger.framework.dSYM in Resources */,
			);
			runOnlyForDeploymentPostprocessing = 0;
		};
		DFB84E471CEAA72E0088090D /* Resources */ = {
			isa = PBXResourcesBuildPhase;
			buildActionMask = 2147483647;
			files = (
			);
			runOnlyForDeploymentPostprocessing = 0;
		};
		DFB84E521CEAA72E0088090D /* Resources */ = {
			isa = PBXResourcesBuildPhase;
			buildActionMask = 2147483647;
			files = (
			);
			runOnlyForDeploymentPostprocessing = 0;
		};
/* End PBXResourcesBuildPhase section */

/* Begin PBXShellScriptBuildPhase section */
		2FB1195AA47C790EFEF95780 /* 📦 Check Pods Manifest.lock */ = {
			isa = PBXShellScriptBuildPhase;
			buildActionMask = 2147483647;
			files = (
			);
			inputPaths = (
			);
			name = "📦 Check Pods Manifest.lock";
			outputPaths = (
			);
			runOnlyForDeploymentPostprocessing = 0;
			shellPath = /bin/sh;
			shellScript = "diff \"${PODS_ROOT}/../Podfile.lock\" \"${PODS_ROOT}/Manifest.lock\" > /dev/null\nif [[ $? != 0 ]] ; then\n    cat << EOM\nerror: The sandbox is not in sync with the Podfile.lock. Run 'pod install' or update your CocoaPods installation.\nEOM\n    exit 1\nfi\n";
			showEnvVarsInLog = 0;
		};
		910EB1FC6932D525084FA070 /* 📦 Copy Pods Resources */ = {
			isa = PBXShellScriptBuildPhase;
			buildActionMask = 2147483647;
			files = (
			);
			inputPaths = (
			);
			name = "📦 Copy Pods Resources";
			outputPaths = (
			);
			runOnlyForDeploymentPostprocessing = 0;
			shellPath = /bin/sh;
			shellScript = "\"${SRCROOT}/../Pods/Target Support Files/Pods-MailX/Pods-MailX-resources.sh\"\n";
			showEnvVarsInLog = 0;
		};
		EC40A0C3F58BE810E5BDDC43 /* 📦 Embed Pods Frameworks */ = {
			isa = PBXShellScriptBuildPhase;
			buildActionMask = 2147483647;
			files = (
			);
			inputPaths = (
			);
			name = "📦 Embed Pods Frameworks";
			outputPaths = (
			);
			runOnlyForDeploymentPostprocessing = 0;
			shellPath = /bin/sh;
			shellScript = "\"${SRCROOT}/../Pods/Target Support Files/Pods-MailX/Pods-MailX-frameworks.sh\"\n";
			showEnvVarsInLog = 0;
		};
/* End PBXShellScriptBuildPhase section */

/* Begin PBXSourcesBuildPhase section */
		DFB84E341CEAA72D0088090D /* Sources */ = {
			isa = PBXSourcesBuildPhase;
			buildActionMask = 2147483647;
			files = (
				DFB84F2A1CEB51980088090D /* MxUIState.swift in Sources */,
				DFBBCEF01D02D79B00D8BB4E /* MxUIStateObjects.swift in Sources */,
				DFE26F281CEF56F100FB401A /* MxPropertiesActions.swift in Sources */,
				DFA313081CF1290A00500607 /* MxBusinessObjects.swift in Sources */,
				DFB84EBC1CEAB03F0088090D /* MxSyncManager.swift in Sources */,
				DF4479401CEB689000E3A685 /* MxLabelModel.swift in Sources */,
				DF2AA0A51D07A24100B215D3 /* MxStackManager.swift in Sources */,
				DFE26F271CEF56F100FB401A /* MxLabelActions.swift in Sources */,
				DFE26F371CEFA3EE00FB401A /* MxMailboxActions.swift in Sources */,
				DFB84EC81CEAB0DD0088090D /* MxGMailBridge.swift in Sources */,
				DFE26F081CEC097000FB401A /* MxMessageState.swift in Sources */,
				DFA313051CF0C0D200500607 /* MxErrorsState.swift in Sources */,
				DFB84E7E1CEAA8580088090D /* MxResults.swift in Sources */,
				DFB84F2B1CEB51980088090D /* MxMailboxesState.swift in Sources */,
				DF44793C1CEB680700E3A685 /* MxProviderModel.swift in Sources */,
				DFBBCEF61D034DE300D8BB4E /* MxMemoryLevel.swift in Sources */,
				DFE26F331CEF91B800FB401A /* MxPropertiesState.swift in Sources */,
				DFB84ECB1CEAB0DD0088090D /* MxMailboxProxy.swift in Sources */,
				DFD3ACF11CFD0BC3007C909F /* MxDBInitializer.swift in Sources */,
				DF241EF91D03D80900C61196 /* MxNetworkLevel.swift in Sources */,
				DFB84ECA1CEAB0DD0088090D /* MxSyncOperation.swift in Sources */,
				DFBBCEFA1D03999500D8BB4E /* MxMemoryCache.swift in Sources */,
				DFE26F0C1CEC09B600FB401A /* MxMessageModel.swift in Sources */,
				DFB84F2C1CEB51980088090D /* MxProvidersState.swift in Sources */,
				DFB84EC61CEAB0DD0088090D /* MxFetchLabelsOperation.swift in Sources */,
				DFE26F291CEF56F100FB401A /* MxAppStateActions.swift in Sources */,
				DFB84E7F1CEAA8580088090D /* MxUserPreferences.swift in Sources */,
				DF241EFB1D0502B600C61196 /* MxErrors.swift in Sources */,
				DFB84EAF1CEAABFF0088090D /* MxModelObjects.swift in Sources */,
				DFB84E3C1CEAA72E0088090D /* AppDelegate.swift in Sources */,
				DFA313031CF0C02600500607 /* MxErrorActions.swift in Sources */,
				DFB84EBB1CEAB03F0088090D /* MxDBLevel.swift in Sources */,
				DFB84EC91CEAB0DD0088090D /* MxMailboxBridge.swift in Sources */,
				DFE26F351CEF9B6B00FB401A /* MxAction.swift in Sources */,
				DFE26F2C1CEF570100FB401A /* MxAppReducer.swift in Sources */,
				DFB84F261CEB515F0088090D /* MxLabelsViewController.swift in Sources */,
				DFB84EC51CEAB0DD0088090D /* MxConnectionOperation.swift in Sources */,
				DFE26F0A1CEC09A900FB401A /* MxLabelsState.swift in Sources */,
				DFE26F1B1CEF46C000FB401A /* MxAppProperties.swift in Sources */,
				DFBBCEED1D01EEAE00D8BB4E /* MxMailboxModel.swift in Sources */,
				DFE26F311CEF7CB400FB401A /* MxStateArchiver.swift in Sources */,
				DFB84E7D1CEAA8580088090D /* MxLogs.swift in Sources */,
				DFB84EAD1CEAABFF0088090D /* MxDBObjects.swift in Sources */,
				DFE26F2F1CEF7B2700FB401A /* MxStoreManager.swift in Sources */,
				DFBBCEF81D03951800D8BB4E /* MxStackProtocols.swift in Sources */,
				DFE26F2D1CEF570100FB401A /* MxLabelReducer.swift in Sources */,
				DFB84EC71CEAB0DD0088090D /* MxFetchMessagesInLabelOperation.swift in Sources */,
			);
			runOnlyForDeploymentPostprocessing = 0;
		};
		DFB84E451CEAA72E0088090D /* Sources */ = {
			isa = PBXSourcesBuildPhase;
			buildActionMask = 2147483647;
			files = (
				DFB84E4E1CEAA72E0088090D /* MailXTests.swift in Sources */,
			);
			runOnlyForDeploymentPostprocessing = 0;
		};
		DFB84E501CEAA72E0088090D /* Sources */ = {
			isa = PBXSourcesBuildPhase;
			buildActionMask = 2147483647;
			files = (
				DFB84E591CEAA72E0088090D /* MailXUITests.swift in Sources */,
			);
			runOnlyForDeploymentPostprocessing = 0;
		};
/* End PBXSourcesBuildPhase section */

/* Begin PBXTargetDependency section */
		DFB84E4B1CEAA72E0088090D /* PBXTargetDependency */ = {
			isa = PBXTargetDependency;
			target = DFB84E371CEAA72D0088090D /* MailX */;
			targetProxy = DFB84E4A1CEAA72E0088090D /* PBXContainerItemProxy */;
		};
		DFB84E561CEAA72E0088090D /* PBXTargetDependency */ = {
			isa = PBXTargetDependency;
			target = DFB84E371CEAA72D0088090D /* MailX */;
			targetProxy = DFB84E551CEAA72E0088090D /* PBXContainerItemProxy */;
		};
/* End PBXTargetDependency section */

/* Begin XCBuildConfiguration section */
		DFB84E5B1CEAA72E0088090D /* Debug */ = {
			isa = XCBuildConfiguration;
			buildSettings = {
				ALWAYS_SEARCH_USER_PATHS = NO;
				CLANG_ANALYZER_NONNULL = YES;
				CLANG_CXX_LANGUAGE_STANDARD = "gnu++0x";
				CLANG_CXX_LIBRARY = "libc++";
				CLANG_ENABLE_MODULES = YES;
				CLANG_ENABLE_OBJC_ARC = YES;
				CLANG_WARN_BOOL_CONVERSION = YES;
				CLANG_WARN_CONSTANT_CONVERSION = YES;
				CLANG_WARN_DIRECT_OBJC_ISA_USAGE = YES_ERROR;
				CLANG_WARN_EMPTY_BODY = YES;
				CLANG_WARN_ENUM_CONVERSION = YES;
				CLANG_WARN_INT_CONVERSION = YES;
				CLANG_WARN_OBJC_ROOT_CLASS = YES_ERROR;
				CLANG_WARN_UNREACHABLE_CODE = YES;
				CLANG_WARN__DUPLICATE_METHOD_MATCH = YES;
				CODE_SIGN_IDENTITY = "-";
				COPY_PHASE_STRIP = NO;
				DEBUG_INFORMATION_FORMAT = dwarf;
				ENABLE_STRICT_OBJC_MSGSEND = YES;
				ENABLE_TESTABILITY = YES;
				GCC_C_LANGUAGE_STANDARD = gnu99;
				GCC_DYNAMIC_NO_PIC = NO;
				GCC_NO_COMMON_BLOCKS = YES;
				GCC_OPTIMIZATION_LEVEL = 0;
				GCC_PREPROCESSOR_DEFINITIONS = (
					"DEBUG=1",
					"$(inherited)",
				);
				GCC_WARN_64_TO_32_BIT_CONVERSION = YES;
				GCC_WARN_ABOUT_RETURN_TYPE = YES_ERROR;
				GCC_WARN_UNDECLARED_SELECTOR = YES;
				GCC_WARN_UNINITIALIZED_AUTOS = YES_AGGRESSIVE;
				GCC_WARN_UNUSED_FUNCTION = YES;
				GCC_WARN_UNUSED_VARIABLE = YES;
				MACOSX_DEPLOYMENT_TARGET = 10.11;
				MTL_ENABLE_DEBUG_INFO = YES;
				ONLY_ACTIVE_ARCH = YES;
				SDKROOT = macosx;
				SWIFT_OPTIMIZATION_LEVEL = "-Onone";
			};
			name = Debug;
		};
		DFB84E5C1CEAA72E0088090D /* Release */ = {
			isa = XCBuildConfiguration;
			buildSettings = {
				ALWAYS_SEARCH_USER_PATHS = NO;
				CLANG_ANALYZER_NONNULL = YES;
				CLANG_CXX_LANGUAGE_STANDARD = "gnu++0x";
				CLANG_CXX_LIBRARY = "libc++";
				CLANG_ENABLE_MODULES = YES;
				CLANG_ENABLE_OBJC_ARC = YES;
				CLANG_WARN_BOOL_CONVERSION = YES;
				CLANG_WARN_CONSTANT_CONVERSION = YES;
				CLANG_WARN_DIRECT_OBJC_ISA_USAGE = YES_ERROR;
				CLANG_WARN_EMPTY_BODY = YES;
				CLANG_WARN_ENUM_CONVERSION = YES;
				CLANG_WARN_INT_CONVERSION = YES;
				CLANG_WARN_OBJC_ROOT_CLASS = YES_ERROR;
				CLANG_WARN_UNREACHABLE_CODE = YES;
				CLANG_WARN__DUPLICATE_METHOD_MATCH = YES;
				CODE_SIGN_IDENTITY = "-";
				COPY_PHASE_STRIP = NO;
				DEBUG_INFORMATION_FORMAT = "dwarf-with-dsym";
				ENABLE_NS_ASSERTIONS = NO;
				ENABLE_STRICT_OBJC_MSGSEND = YES;
				GCC_C_LANGUAGE_STANDARD = gnu99;
				GCC_NO_COMMON_BLOCKS = YES;
				GCC_WARN_64_TO_32_BIT_CONVERSION = YES;
				GCC_WARN_ABOUT_RETURN_TYPE = YES_ERROR;
				GCC_WARN_UNDECLARED_SELECTOR = YES;
				GCC_WARN_UNINITIALIZED_AUTOS = YES_AGGRESSIVE;
				GCC_WARN_UNUSED_FUNCTION = YES;
				GCC_WARN_UNUSED_VARIABLE = YES;
				MACOSX_DEPLOYMENT_TARGET = 10.11;
				MTL_ENABLE_DEBUG_INFO = NO;
				SDKROOT = macosx;
			};
			name = Release;
		};
		DFB84E5E1CEAA72E0088090D /* Debug */ = {
			isa = XCBuildConfiguration;
			baseConfigurationReference = EC59DA71744A9FBDCAD8E41A /* Pods-MailX.debug.xcconfig */;
			buildSettings = {
				ASSETCATALOG_COMPILER_APPICON_NAME = AppIcon;
				CLANG_ENABLE_MODULES = YES;
				COMBINE_HIDPI_IMAGES = YES;
				FRAMEWORK_SEARCH_PATHS = (
					"$(inherited)",
					"$(PROJECT_DIR)/Frameworks",
					"$(PROJECT_DIR)/Carthage/Build/Mac",
				);
				INFOPLIST_FILE = MailX/Info.plist;
				LD_RUNPATH_SEARCH_PATHS = "$(inherited) @executable_path/../Frameworks";
				PRODUCT_BUNDLE_IDENTIFIER = cool.dog3.MailX;
				PRODUCT_NAME = "$(TARGET_NAME)";
				SWIFT_OBJC_BRIDGING_HEADER = "MailX-Bridging-Header.h";
				SWIFT_OPTIMIZATION_LEVEL = "-Onone";
			};
			name = Debug;
		};
		DFB84E5F1CEAA72E0088090D /* Release */ = {
			isa = XCBuildConfiguration;
			baseConfigurationReference = 1F1446166CC5B3B0E5151E37 /* Pods-MailX.release.xcconfig */;
			buildSettings = {
				ASSETCATALOG_COMPILER_APPICON_NAME = AppIcon;
				CLANG_ENABLE_MODULES = YES;
				COMBINE_HIDPI_IMAGES = YES;
				FRAMEWORK_SEARCH_PATHS = (
					"$(inherited)",
					"$(PROJECT_DIR)/Frameworks",
					"$(PROJECT_DIR)/Carthage/Build/Mac",
				);
				INFOPLIST_FILE = MailX/Info.plist;
				LD_RUNPATH_SEARCH_PATHS = "$(inherited) @executable_path/../Frameworks";
				PRODUCT_BUNDLE_IDENTIFIER = cool.dog3.MailX;
				PRODUCT_NAME = "$(TARGET_NAME)";
				SWIFT_OBJC_BRIDGING_HEADER = "MailX-Bridging-Header.h";
			};
			name = Release;
		};
		DFB84E611CEAA72E0088090D /* Debug */ = {
			isa = XCBuildConfiguration;
			buildSettings = {
				BUNDLE_LOADER = "$(TEST_HOST)";
				COMBINE_HIDPI_IMAGES = YES;
				INFOPLIST_FILE = MailXTests/Info.plist;
				LD_RUNPATH_SEARCH_PATHS = "$(inherited) @executable_path/../Frameworks @loader_path/../Frameworks";
				PRODUCT_BUNDLE_IDENTIFIER = io.rxdesign.MailXTests;
				PRODUCT_NAME = "$(TARGET_NAME)";
				TEST_HOST = "$(BUILT_PRODUCTS_DIR)/MailX.app/Contents/MacOS/MailX";
			};
			name = Debug;
		};
		DFB84E621CEAA72E0088090D /* Release */ = {
			isa = XCBuildConfiguration;
			buildSettings = {
				BUNDLE_LOADER = "$(TEST_HOST)";
				COMBINE_HIDPI_IMAGES = YES;
				INFOPLIST_FILE = MailXTests/Info.plist;
				LD_RUNPATH_SEARCH_PATHS = "$(inherited) @executable_path/../Frameworks @loader_path/../Frameworks";
				PRODUCT_BUNDLE_IDENTIFIER = io.rxdesign.MailXTests;
				PRODUCT_NAME = "$(TARGET_NAME)";
				TEST_HOST = "$(BUILT_PRODUCTS_DIR)/MailX.app/Contents/MacOS/MailX";
			};
			name = Release;
		};
		DFB84E641CEAA72E0088090D /* Debug */ = {
			isa = XCBuildConfiguration;
			buildSettings = {
				COMBINE_HIDPI_IMAGES = YES;
				INFOPLIST_FILE = MailXUITests/Info.plist;
				LD_RUNPATH_SEARCH_PATHS = "$(inherited) @executable_path/../Frameworks @loader_path/../Frameworks";
				PRODUCT_BUNDLE_IDENTIFIER = io.rxdesign.MailXUITests;
				PRODUCT_NAME = "$(TARGET_NAME)";
				TEST_TARGET_NAME = MailX;
			};
			name = Debug;
		};
		DFB84E651CEAA72E0088090D /* Release */ = {
			isa = XCBuildConfiguration;
			buildSettings = {
				COMBINE_HIDPI_IMAGES = YES;
				INFOPLIST_FILE = MailXUITests/Info.plist;
				LD_RUNPATH_SEARCH_PATHS = "$(inherited) @executable_path/../Frameworks @loader_path/../Frameworks";
				PRODUCT_BUNDLE_IDENTIFIER = io.rxdesign.MailXUITests;
				PRODUCT_NAME = "$(TARGET_NAME)";
				TEST_TARGET_NAME = MailX;
			};
			name = Release;
		};
/* End XCBuildConfiguration section */

/* Begin XCConfigurationList section */
		DFB84E331CEAA72D0088090D /* Build configuration list for PBXProject "MailX" */ = {
			isa = XCConfigurationList;
			buildConfigurations = (
				DFB84E5B1CEAA72E0088090D /* Debug */,
				DFB84E5C1CEAA72E0088090D /* Release */,
			);
			defaultConfigurationIsVisible = 0;
			defaultConfigurationName = Release;
		};
		DFB84E5D1CEAA72E0088090D /* Build configuration list for PBXNativeTarget "MailX" */ = {
			isa = XCConfigurationList;
			buildConfigurations = (
				DFB84E5E1CEAA72E0088090D /* Debug */,
				DFB84E5F1CEAA72E0088090D /* Release */,
			);
			defaultConfigurationIsVisible = 0;
			defaultConfigurationName = Release;
		};
		DFB84E601CEAA72E0088090D /* Build configuration list for PBXNativeTarget "MailXTests" */ = {
			isa = XCConfigurationList;
			buildConfigurations = (
				DFB84E611CEAA72E0088090D /* Debug */,
				DFB84E621CEAA72E0088090D /* Release */,
			);
			defaultConfigurationIsVisible = 0;
			defaultConfigurationName = Release;
		};
		DFB84E631CEAA72E0088090D /* Build configuration list for PBXNativeTarget "MailXUITests" */ = {
			isa = XCConfigurationList;
			buildConfigurations = (
				DFB84E641CEAA72E0088090D /* Debug */,
				DFB84E651CEAA72E0088090D /* Release */,
			);
			defaultConfigurationIsVisible = 0;
			defaultConfigurationName = Release;
		};
/* End XCConfigurationList section */
	};
	rootObject = DFB84E301CEAA72D0088090D /* Project object */;
}
